
Microsoft Visual Studio Solution File, Format Version 12.00
# Visual Studio Version 17
VisualStudioVersion = 17.5.33530.505
MinimumVisualStudioVersion = 10.0.40219.1
Project("{FAE04EC0-301F-11D3-BF4B-00C04F79EFBC}") = "Woltage", "Woltage\Woltage.csproj", "{4AB30E18-6378-420A-805A-9760CD95D244}"
EndProject
Global
	GlobalSection(SolutionConfigurationPlatforms) = preSolution
		Debug|Any CPU = Debug|Any CPU
		Release|Any CPU = Release|Any CPU
	EndGlobalSection
	GlobalSection(ProjectConfigurationPlatforms) = postSolution
		{4AB30E18-6378-420A-805A-9760CD95D244}.Debug|Any CPU.ActiveCfg = Debug|Any CPU
		{4AB30E18-6378-420A-805A-9760CD95D244}.Debug|Any CPU.Build.0 = Debug|Any CPU
		{4AB30E18-6378-420A-805A-9760CD95D244}.Release|Any CPU.ActiveCfg = Release|Any CPU
		{4AB30E18-6378-420A-805A-9760CD95D244}.Release|Any CPU.Build.0 = Release|Any CPU
	EndGlobalSection
	GlobalSection(SolutionProperties) = preSolution
		HideSolutionNode = FALSE
	EndGlobalSection
	GlobalSection(ExtensibilityGlobals) = postSolution
		SolutionGuid = {347AFC53-698A-49AC-92C5-746C4193260A}
	EndGlobalSection
EndGlobal
